
Microsoft Visual Studio Solution File, Format Version 12.00
# Visual Studio Version 17
VisualStudioVersion = 17.1.32421.90
MinimumVisualStudioVersion = 10.0.40219.1
Project("{FAE04EC0-301F-11D3-BF4B-00C04F79EFBC}") = "ByteBank", "ByteBank\ByteBank.csproj", "{22ECDB34-B27F-4C9F-BA59-078FF49B4BFF}"
EndProject
Global
	GlobalSection(SolutionConfigurationPlatforms) = preSolution
		Debug|Any CPU = Debug|Any CPU
		Release|Any CPU = Release|Any CPU
	EndGlobalSection
	GlobalSection(ProjectConfigurationPlatforms) = postSolution
		{22ECDB34-B27F-4C9F-BA59-078FF49B4BFF}.Debug|Any CPU.ActiveCfg = Debug|Any CPU
		{22ECDB34-B27F-4C9F-BA59-078FF49B4BFF}.Debug|Any CPU.Build.0 = Debug|Any CPU
		{22ECDB34-B27F-4C9F-BA59-078FF49B4BFF}.Release|Any CPU.ActiveCfg = Release|Any CPU
		{22ECDB34-B27F-4C9F-BA59-078FF49B4BFF}.Release|Any CPU.Build.0 = Release|Any CPU
	EndGlobalSection
	GlobalSection(SolutionProperties) = preSolution
		HideSolutionNode = FALSE
	EndGlobalSection
	GlobalSection(ExtensibilityGlobals) = postSolution
		SolutionGuid = {E83604F8-CD27-4C2E-B6E7-AA651593287A}
	EndGlobalSection
EndGlobal
